
Microsoft Visual Studio Solution File, Format Version 12.00
# Visual Studio Version 16
VisualStudioVersion = 16.0.29409.12
MinimumVisualStudioVersion = 10.0.40219.1
Project("{9A19103F-16F7-4668-BE54-9A1E7A4F7556}") = "RepeaterProblem", ""RepeaterProblem\RepeaterProblem.csproj", "{66D5269D-FF68-4F41-A1A8-8D634616340F}"
EndProject
Global
	GlobalSection(SolutionConfigurationPlatforms) = preSolution
		Debug|Any CPU = Debug|Any CPU
		Release|Any CPU = Release|Any CPU
	EndGlobalSection
	GlobalSection(ProjectConfigurationPlatforms) = postSolution
		{66D5269D-FF68-4F41-A1A8-8D634616340F}.Debug|Any CPU.ActiveCfg = Debug|Any CPU
		{66D5269D-FF68-4F41-A1A8-8D634616340F}.Debug|Any CPU.Build.0 = Debug|Any CPU
		{66D5269D-FF68-4F41-A1A8-8D634616340F}.Release|Any CPU.ActiveCfg = Release|Any CPU
		{66D5269D-FF68-4F41-A1A8-8D634616340F}.Release|Any CPU.Build.0 = Release|Any CPU
	EndGlobalSection
	GlobalSection(SolutionProperties) = preSolution
		HideSolutionNode = FALSE
	EndGlobalSection
	GlobalSection(ExtensibilityGlobals) = postSolution
		SolutionGuid = {84117FE6-6A29-41FE-8B71-D20BFA939967}
	EndGlobalSection
EndGlobal
